
Microsoft Visual Studio Solution File, Format Version 12.00
# Visual Studio Version 17
VisualStudioVersion = 17.4.33122.133
MinimumVisualStudioVersion = 10.0.40219.1
Project("{8BC9CEB8-8B4A-11D0-8D11-00A0C91BC942}") = "Payment Application", "Payment Application\Payment Application.vcxproj", "{99020949-AC0F-45DB-96DA-C1C4A34715DD}"
EndProject
Global
	GlobalSection(SolutionConfigurationPlatforms) = preSolution
		Debug|x64 = Debug|x64
		Debug|x86 = Debug|x86
		Release|x64 = Release|x64
		Release|x86 = Release|x86
	EndGlobalSection
	GlobalSection(ProjectConfigurationPlatforms) = postSolution
		{99020949-AC0F-45DB-96DA-C1C4A34715DD}.Debug|x64.ActiveCfg = Debug|x64
		{99020949-AC0F-45DB-96DA-C1C4A34715DD}.Debug|x64.Build.0 = Debug|x64
		{99020949-AC0F-45DB-96DA-C1C4A34715DD}.Debug|x86.ActiveCfg = Debug|Win32
		{99020949-AC0F-45DB-96DA-C1C4A34715DD}.Debug|x86.Build.0 = Debug|Win32
		{99020949-AC0F-45DB-96DA-C1C4A34715DD}.Release|x64.ActiveCfg = Release|x64
		{99020949-AC0F-45DB-96DA-C1C4A34715DD}.Release|x64.Build.0 = Release|x64
		{99020949-AC0F-45DB-96DA-C1C4A34715DD}.Release|x86.ActiveCfg = Release|Win32
		{99020949-AC0F-45DB-96DA-C1C4A34715DD}.Release|x86.Build.0 = Release|Win32
	EndGlobalSection
	GlobalSection(SolutionProperties) = preSolution
		HideSolutionNode = FALSE
	EndGlobalSection
	GlobalSection(ExtensibilityGlobals) = postSolution
		SolutionGuid = {362843D0-59D5-4A45-940B-96B0A146C814}
	EndGlobalSection
EndGlobal
